
Microsoft Visual Studio Solution File, Format Version 12.00
# Visual Studio Version 17
VisualStudioVersion = 17.14.36119.2
MinimumVisualStudioVersion = 10.0.40219.1
Project("{FAE04EC0-301F-11D3-BF4B-00C04F79EFBC}") = "MobileApp", "projekt_indywidualny\MobileApp.csproj", "{55CEF024-D4A6-4FDE-82BA-8BB8F3E14A91}"
EndProject
Project("{2150E333-8FDC-42A3-9474-1A3956D46DE8}") = "Solution Items", "Solution Items", "{8EC462FD-D22E-90A8-E5CE-7E832BA40C5D}"
	ProjectSection(SolutionItems) = preProject
		.gitignore = .gitignore
	EndProjectSection
EndProject
Global
	GlobalSection(SolutionConfigurationPlatforms) = preSolution
		Debug|Any CPU = Debug|Any CPU
		Release|Any CPU = Release|Any CPU
	EndGlobalSection
	GlobalSection(ProjectConfigurationPlatforms) = postSolution
		{55CEF024-D4A6-4FDE-82BA-8BB8F3E14A91}.Debug|Any CPU.ActiveCfg = Debug|Any CPU
		{55CEF024-D4A6-4FDE-82BA-8BB8F3E14A91}.Debug|Any CPU.Build.0 = Debug|Any CPU
		{55CEF024-D4A6-4FDE-82BA-8BB8F3E14A91}.Release|Any CPU.ActiveCfg = Release|Any CPU
		{55CEF024-D4A6-4FDE-82BA-8BB8F3E14A91}.Release|Any CPU.Build.0 = Release|Any CPU
	EndGlobalSection
	GlobalSection(SolutionProperties) = preSolution
		HideSolutionNode = FALSE
	EndGlobalSection
	GlobalSection(ExtensibilityGlobals) = postSolution
		SolutionGuid = {33508C05-774A-4068-85F2-23C5D9C6B24E}
	EndGlobalSection
EndGlobal
